
Microsoft Visual Studio Solution File, Format Version 12.00
# Visual Studio Version 17
VisualStudioVersion = 17.9.34616.47
MinimumVisualStudioVersion = 10.0.40219.1
Project("{FAE04EC0-301F-11D3-BF4B-00C04F79EFBC}") = "EmailService", "EmailService.csproj", "{77B27B8F-DA21-4209-B5D4-A1C06A1393AF}"
EndProject
Global
	GlobalSection(SolutionConfigurationPlatforms) = preSolution
		Debug|Any CPU = Debug|Any CPU
		Release|Any CPU = Release|Any CPU
	EndGlobalSection
	GlobalSection(ProjectConfigurationPlatforms) = postSolution
		{77B27B8F-DA21-4209-B5D4-A1C06A1393AF}.Debug|Any CPU.ActiveCfg = Debug|Any CPU
		{77B27B8F-DA21-4209-B5D4-A1C06A1393AF}.Debug|Any CPU.Build.0 = Debug|Any CPU
		{77B27B8F-DA21-4209-B5D4-A1C06A1393AF}.Release|Any CPU.ActiveCfg = Release|Any CPU
		{77B27B8F-DA21-4209-B5D4-A1C06A1393AF}.Release|Any CPU.Build.0 = Release|Any CPU
	EndGlobalSection
	GlobalSection(SolutionProperties) = preSolution
		HideSolutionNode = FALSE
	EndGlobalSection
	GlobalSection(ExtensibilityGlobals) = postSolution
		SolutionGuid = {F8BDD512-F7E1-4481-831E-32BB203B90B2}
	EndGlobalSection
EndGlobal
